
Microsoft Visual Studio Solution File, Format Version 12.00
# Visual Studio 2013
VisualStudioVersion = 12.0.21005.1
MinimumVisualStudioVersion = 10.0.40219.1
Project("{FAE04EC0-301F-11D3-BF4B-00C04F79EFBC}") = "ChocoStrong.Model", "ChocoStrong.Model\ChocoStrong.Model.csproj", "{23BD9183-5068-48E2-A5BF-35897CBA6997}"
EndProject
Project("{FAE04EC0-301F-11D3-BF4B-00C04F79EFBC}") = "ChocoStrong.Data", "ChocoStrong.Data\ChocoStrong.Data.csproj", "{DA8CCAFE-70BC-4AA6-9257-AE75B6E26F6F}"
EndProject
Project("{FAE04EC0-301F-11D3-BF4B-00C04F79EFBC}") = "ChocoStrong.ConsoleClient", "ChocoStrong.ConsoleClient\ChocoStrong.ConsoleClient.csproj", "{42E62FCE-35AD-463C-BCDE-95F3079CD768}"
EndProject
Project("{FAE04EC0-301F-11D3-BF4B-00C04F79EFBC}") = "ChocoStrong.PdfReportGenerator", "ChocoStrong.PdfReportGenerator\ChocoStrong.PdfReportGenerator.csproj", "{14A9167A-699F-4B24-87B4-70DC513FDD13}"
EndProject
Project("{FAE04EC0-301F-11D3-BF4B-00C04F79EFBC}") = "ChocoStrong.JsonReportGenerator", "ChocoStrong.JsonReportGenerator\ChocoStrong.JsonReportGenerator.csproj", "{7F2D1C6B-9CA4-415A-8390-8790801B5845}"
EndProject
Project("{2150E333-8FDC-42A3-9474-1A3956D46DE8}") = "ReportGenerators", "ReportGenerators", "{468FC44C-D6C3-44D3-B201-2D44E6325EBF}"
EndProject
Project("{FAE04EC0-301F-11D3-BF4B-00C04F79EFBC}") = "ChocoStrong.XmlReportGenerator", "ChocoStrong.XmlReportGenerator\ChocoStrong.XmlReportGenerator.csproj", "{BBACB3FE-9289-4633-AA51-F07636748E4F}"
EndProject
Project("{FAE04EC0-301F-11D3-BF4B-00C04F79EFBC}") = "ChocoStrong.SalesReportImporter", "ChocoStrong.SalesReports\ChocoStrong.SalesReportImporter.csproj", "{AD54508A-D708-401C-B9F7-A2B290C906DB}"
EndProject
Project("{FAE04EC0-301F-11D3-BF4B-00C04F79EFBC}") = "ChocoStrong.ProductsImporter", "ChocoStrong.ProductsImporter\ChocoStrong.ProductsImporter.csproj", "{0F50CA18-9C64-4942-9C2B-DF1CDEBF5149}"
EndProject
Project("{2150E333-8FDC-42A3-9474-1A3956D46DE8}") = "Importers", "Importers", "{ED262A4D-62F8-4CF1-897F-87BEC068A5D0}"
EndProject
Project("{FAE04EC0-301F-11D3-BF4B-00C04F79EFBC}") = "ChocoStrong.ProductModel", "ChocoStrong.ProductModel\ChocoStrong.ProductModel.csproj", "{37A3A31E-67BF-41D4-840D-F564B577FD52}"
EndProject
Global
	GlobalSection(SolutionConfigurationPlatforms) = preSolution
		Debug|Any CPU = Debug|Any CPU
		Release|Any CPU = Release|Any CPU
	EndGlobalSection
	GlobalSection(ProjectConfigurationPlatforms) = postSolution
		{23BD9183-5068-48E2-A5BF-35897CBA6997}.Debug|Any CPU.ActiveCfg = Debug|Any CPU
		{23BD9183-5068-48E2-A5BF-35897CBA6997}.Debug|Any CPU.Build.0 = Debug|Any CPU
		{23BD9183-5068-48E2-A5BF-35897CBA6997}.Release|Any CPU.ActiveCfg = Release|Any CPU
		{23BD9183-5068-48E2-A5BF-35897CBA6997}.Release|Any CPU.Build.0 = Release|Any CPU
		{DA8CCAFE-70BC-4AA6-9257-AE75B6E26F6F}.Debug|Any CPU.ActiveCfg = Debug|Any CPU
		{DA8CCAFE-70BC-4AA6-9257-AE75B6E26F6F}.Debug|Any CPU.Build.0 = Debug|Any CPU
		{DA8CCAFE-70BC-4AA6-9257-AE75B6E26F6F}.Release|Any CPU.ActiveCfg = Release|Any CPU
		{DA8CCAFE-70BC-4AA6-9257-AE75B6E26F6F}.Release|Any CPU.Build.0 = Release|Any CPU
		{42E62FCE-35AD-463C-BCDE-95F3079CD768}.Debug|Any CPU.ActiveCfg = Debug|Any CPU
		{42E62FCE-35AD-463C-BCDE-95F3079CD768}.Debug|Any CPU.Build.0 = Debug|Any CPU
		{42E62FCE-35AD-463C-BCDE-95F3079CD768}.Release|Any CPU.ActiveCfg = Release|Any CPU
		{42E62FCE-35AD-463C-BCDE-95F3079CD768}.Release|Any CPU.Build.0 = Release|Any CPU
		{14A9167A-699F-4B24-87B4-70DC513FDD13}.Debug|Any CPU.ActiveCfg = Debug|Any CPU
		{14A9167A-699F-4B24-87B4-70DC513FDD13}.Debug|Any CPU.Build.0 = Debug|Any CPU
		{14A9167A-699F-4B24-87B4-70DC513FDD13}.Release|Any CPU.ActiveCfg = Release|Any CPU
		{14A9167A-699F-4B24-87B4-70DC513FDD13}.Release|Any CPU.Build.0 = Release|Any CPU
		{7F2D1C6B-9CA4-415A-8390-8790801B5845}.Debug|Any CPU.ActiveCfg = Debug|Any CPU
		{7F2D1C6B-9CA4-415A-8390-8790801B5845}.Debug|Any CPU.Build.0 = Debug|Any CPU
		{7F2D1C6B-9CA4-415A-8390-8790801B5845}.Release|Any CPU.ActiveCfg = Release|Any CPU
		{7F2D1C6B-9CA4-415A-8390-8790801B5845}.Release|Any CPU.Build.0 = Release|Any CPU
		{BBACB3FE-9289-4633-AA51-F07636748E4F}.Debug|Any CPU.ActiveCfg = Debug|Any CPU
		{BBACB3FE-9289-4633-AA51-F07636748E4F}.Debug|Any CPU.Build.0 = Debug|Any CPU
		{BBACB3FE-9289-4633-AA51-F07636748E4F}.Release|Any CPU.ActiveCfg = Release|Any CPU
		{BBACB3FE-9289-4633-AA51-F07636748E4F}.Release|Any CPU.Build.0 = Release|Any CPU
		{AD54508A-D708-401C-B9F7-A2B290C906DB}.Debug|Any CPU.ActiveCfg = Debug|Any CPU
		{AD54508A-D708-401C-B9F7-A2B290C906DB}.Debug|Any CPU.Build.0 = Debug|Any CPU
		{AD54508A-D708-401C-B9F7-A2B290C906DB}.Release|Any CPU.ActiveCfg = Release|Any CPU
		{AD54508A-D708-401C-B9F7-A2B290C906DB}.Release|Any CPU.Build.0 = Release|Any CPU
		{0F50CA18-9C64-4942-9C2B-DF1CDEBF5149}.Debug|Any CPU.ActiveCfg = Debug|Any CPU
		{0F50CA18-9C64-4942-9C2B-DF1CDEBF5149}.Debug|Any CPU.Build.0 = Debug|Any CPU
		{0F50CA18-9C64-4942-9C2B-DF1CDEBF5149}.Release|Any CPU.ActiveCfg = Release|Any CPU
		{0F50CA18-9C64-4942-9C2B-DF1CDEBF5149}.Release|Any CPU.Build.0 = Release|Any CPU
		{37A3A31E-67BF-41D4-840D-F564B577FD52}.Debug|Any CPU.ActiveCfg = Debug|Any CPU
		{37A3A31E-67BF-41D4-840D-F564B577FD52}.Debug|Any CPU.Build.0 = Debug|Any CPU
		{37A3A31E-67BF-41D4-840D-F564B577FD52}.Release|Any CPU.ActiveCfg = Release|Any CPU
		{37A3A31E-67BF-41D4-840D-F564B577FD52}.Release|Any CPU.Build.0 = Release|Any CPU
	EndGlobalSection
	GlobalSection(SolutionProperties) = preSolution
		HideSolutionNode = FALSE
	EndGlobalSection
	GlobalSection(NestedProjects) = preSolution
		{7F2D1C6B-9CA4-415A-8390-8790801B5845} = {468FC44C-D6C3-44D3-B201-2D44E6325EBF}
		{14A9167A-699F-4B24-87B4-70DC513FDD13} = {468FC44C-D6C3-44D3-B201-2D44E6325EBF}
		{BBACB3FE-9289-4633-AA51-F07636748E4F} = {468FC44C-D6C3-44D3-B201-2D44E6325EBF}
		{AD54508A-D708-401C-B9F7-A2B290C906DB} = {ED262A4D-62F8-4CF1-897F-87BEC068A5D0}
		{0F50CA18-9C64-4942-9C2B-DF1CDEBF5149} = {ED262A4D-62F8-4CF1-897F-87BEC068A5D0}
		{37A3A31E-67BF-41D4-840D-F564B577FD52} = {ED262A4D-62F8-4CF1-897F-87BEC068A5D0}
	EndGlobalSection
EndGlobal
